// !$*UTF8*$!
{
	archiveVersion = 1;
	classes = {
	};
	objectVersion = 50;
	objects = {

/* Begin PBXBuildFile section */
		9AE4236F2268209E00B7EA5A /* AppDelegate.swift in Sources */ = {isa = PBXBuildFile; fileRef = 9AE4236E2268209E00B7EA5A /* AppDelegate.swift */; };
		9AE423712268209E00B7EA5A /* ViewController.swift in Sources */ = {isa = PBXBuildFile; fileRef = 9AE423702268209E00B7EA5A /* ViewController.swift */; };
		9AE423742268209E00B7EA5A /* Main.storyboard in Resources */ = {isa = PBXBuildFile; fileRef = 9AE423722268209E00B7EA5A /* Main.storyboard */; };
		9AE42376226820A000B7EA5A /* Assets.xcassets in Resources */ = {isa = PBXBuildFile; fileRef = 9AE42375226820A000B7EA5A /* Assets.xcassets */; };
		9AE42379226820A000B7EA5A /* LaunchScreen.storyboard in Resources */ = {isa = PBXBuildFile; fileRef = 9AE42377226820A000B7EA5A /* LaunchScreen.storyboard */; };
		9AE42384226820A100B7EA5A /* Silly_SongTests.swift in Sources */ = {isa = PBXBuildFile; fileRef = 9AE42383226820A100B7EA5A /* Silly_SongTests.swift */; };
		9AE4238F226820A100B7EA5A /* Silly_SongUITests.swift in Sources */ = {isa = PBXBuildFile; fileRef = 9AE4238E226820A100B7EA5A /* Silly_SongUITests.swift */; };
/* End PBXBuildFile section */

/* Begin PBXContainerItemProxy section */
		9AE42380226820A100B7EA5A /* PBXContainerItemProxy */ = {
			isa = PBXContainerItemProxy;
			containerPortal = 9AE423632268209E00B7EA5A /* Project object */;
			proxyType = 1;
			remoteGlobalIDString = 9AE4236A2268209E00B7EA5A;
			remoteInfo = "Silly Song";
		};
		9AE4238B226820A100B7EA5A /* PBXContainerItemProxy */ = {
			isa = PBXContainerItemProxy;
			containerPortal = 9AE423632268209E00B7EA5A /* Project object */;
			proxyType = 1;
			remoteGlobalIDString = 9AE4236A2268209E00B7EA5A;
			remoteInfo = "Silly Song";
		};
/* End PBXContainerItemProxy section */

/* Begin PBXFileReference section */
		9AE4236B2268209E00B7EA5A /* Silly Song.app */ = {isa = PBXFileReference; explicitFileType = wrapper.application; includeInIndex = 0; path = "Silly Song.app"; sourceTree = BUILT_PRODUCTS_DIR; };
		9AE4236E2268209E00B7EA5A /* AppDelegate.swift */ = {isa = PBXFileReference; lastKnownFileType = sourcecode.swift; path = AppDelegate.swift; sourceTree = "<group>"; };
		9AE423702268209E00B7EA5A /* ViewController.swift */ = {isa = PBXFileReference; lastKnownFileType = sourcecode.swift; path = ViewController.swift; sourceTree = "<group>"; };
		9AE423732268209E00B7EA5A /* Base */ = {isa = PBXFileReference; lastKnownFileType = file.storyboard; name = Base; path = Base.lproj/Main.storyboard; sourceTree = "<group>"; };
		9AE42375226820A000B7EA5A /* Assets.xcassets */ = {isa = PBXFileReference; lastKnownFileType = folder.assetcatalog; path = Assets.xcassets; sourceTree = "<group>"; };
		9AE42378226820A000B7EA5A /* Base */ = {isa = PBXFileReference; lastKnownFileType = file.storyboard; name = Base; path = Base.lproj/LaunchScreen.storyboard; sourceTree = "<group>"; };
		9AE4237A226820A000B7EA5A /* Info.plist */ = {isa = PBXFileReference; lastKnownFileType = text.plist.xml; path = Info.plist; sourceTree = "<group>"; };
		9AE4237F226820A100B7EA5A /* Silly SongTests.xctest */ = {isa = PBXFileReference; explicitFileType = wrapper.cfbundle; includeInIndex = 0; path = "Silly SongTests.xctest"; sourceTree = BUILT_PRODUCTS_DIR; };
		9AE42383226820A100B7EA5A /* Silly_SongTests.swift */ = {isa = PBXFileReference; lastKnownFileType = sourcecode.swift; path = Silly_SongTests.swift; sourceTree = "<group>"; };
		9AE42385226820A100B7EA5A /* Info.plist */ = {isa = PBXFileReference; lastKnownFileType = text.plist.xml; path = Info.plist; sourceTree = "<group>"; };
		9AE4238A226820A100B7EA5A /* Silly SongUITests.xctest */ = {isa = PBXFileReference; explicitFileType = wrapper.cfbundle; includeInIndex = 0; path = "Silly SongUITests.xctest"; sourceTree = BUILT_PRODUCTS_DIR; };
		9AE4238E226820A100B7EA5A /* Silly_SongUITests.swift */ = {isa = PBXFileReference; lastKnownFileType = sourcecode.swift; path = Silly_SongUITests.swift; sourceTree = "<group>"; };
		9AE42390226820A100B7EA5A /* Info.plist */ = {isa = PBXFileReference; lastKnownFileType = text.plist.xml; path = Info.plist; sourceTree = "<group>"; };
/* End PBXFileReference section */

/* Begin PBXFrameworksBuildPhase section */
		9AE423682268209E00B7EA5A /* Frameworks */ = {
			isa = PBXFrameworksBuildPhase;
			buildActionMask = 2147483647;
			files = (
			);
			runOnlyForDeploymentPostprocessing = 0;
		};
		9AE4237C226820A100B7EA5A /* Frameworks */ = {
			isa = PBXFrameworksBuildPhase;
			buildActionMask = 2147483647;
			files = (
			);
			runOnlyForDeploymentPostprocessing = 0;
		};
		9AE42387226820A100B7EA5A /* Frameworks */ = {
			isa = PBXFrameworksBuildPhase;
			buildActionMask = 2147483647;
			files = (
			);
			runOnlyForDeploymentPostprocessing = 0;
		};
/* End PBXFrameworksBuildPhase section */

/* Begin PBXGroup section */
		9AE423622268209E00B7EA5A = {
			isa = PBXGroup;
			children = (
				9AE4236D2268209E00B7EA5A /* Silly Song */,
				9AE42382226820A100B7EA5A /* Silly SongTests */,
				9AE4238D226820A100B7EA5A /* Silly SongUITests */,
				9AE4236C2268209E00B7EA5A /* Products */,
			);
			sourceTree = "<group>";
		};
		9AE4236C2268209E00B7EA5A /* Products */ = {
			isa = PBXGroup;
			children = (
				9AE4236B2268209E00B7EA5A /* Silly Song.app */,
				9AE4237F226820A100B7EA5A /* Silly SongTests.xctest */,
				9AE4238A226820A100B7EA5A /* Silly SongUITests.xctest */,
			);
			name = Products;
			sourceTree = "<group>";
		};
		9AE4236D2268209E00B7EA5A /* Silly Song */ = {
			isa = PBXGroup;
			children = (
				9AE4236E2268209E00B7EA5A /* AppDelegate.swift */,
				9AE423702268209E00B7EA5A /* ViewController.swift */,
				9AE423722268209E00B7EA5A /* Main.storyboard */,
				9AE42375226820A000B7EA5A /* Assets.xcassets */,
				9AE42377226820A000B7EA5A /* LaunchScreen.storyboard */,
				9AE4237A226820A000B7EA5A /* Info.plist */,
			);
			path = "Silly Song";
			sourceTree = "<group>";
		};
		9AE42382226820A100B7EA5A /* Silly SongTests */ = {
			isa = PBXGroup;
			children = (
				9AE42383226820A100B7EA5A /* Silly_SongTests.swift */,
				9AE42385226820A100B7EA5A /* Info.plist */,
			);
			path = "Silly SongTests";
			sourceTree = "<group>";
		};
		9AE4238D226820A100B7EA5A /* Silly SongUITests */ = {
			isa = PBXGroup;
			children = (
				9AE4238E226820A100B7EA5A /* Silly_SongUITests.swift */,
				9AE42390226820A100B7EA5A /* Info.plist */,
			);
			path = "Silly SongUITests";
			sourceTree = "<group>";
		};
/* End PBXGroup section */

/* Begin PBXNativeTarget section */
		9AE4236A2268209E00B7EA5A /* Silly Song */ = {
			isa = PBXNativeTarget;
			buildConfigurationList = 9AE42393226820A100B7EA5A /* Build configuration list for PBXNativeTarget "Silly Song" */;
			buildPhases = (
				9AE423672268209E00B7EA5A /* Sources */,
				9AE423682268209E00B7EA5A /* Frameworks */,
				9AE423692268209E00B7EA5A /* Resources */,
			);
			buildRules = (
			);
			dependencies = (
			);
			name = "Silly Song";
			productName = "Silly Song";
			productReference = 9AE4236B2268209E00B7EA5A /* Silly Song.app */;
			productType = "com.apple.product-type.application";
		};
		9AE4237E226820A100B7EA5A /* Silly SongTests */ = {
			isa = PBXNativeTarget;
			buildConfigurationList = 9AE42396226820A100B7EA5A /* Build configuration list for PBXNativeTarget "Silly SongTests" */;
			buildPhases = (
				9AE4237B226820A100B7EA5A /* Sources */,
				9AE4237C226820A100B7EA5A /* Frameworks */,
				9AE4237D226820A100B7EA5A /* Resources */,
			);
			buildRules = (
			);
			dependencies = (
				9AE42381226820A100B7EA5A /* PBXTargetDependency */,
			);
			name = "Silly SongTests";
			productName = "Silly SongTests";
			productReference = 9AE4237F226820A100B7EA5A /* Silly SongTests.xctest */;
			productType = "com.apple.product-type.bundle.unit-test";
		};
		9AE42389226820A100B7EA5A /* Silly SongUITests */ = {
			isa = PBXNativeTarget;
			buildConfigurationList = 9AE42399226820A100B7EA5A /* Build configuration list for PBXNativeTarget "Silly SongUITests" */;
			buildPhases = (
				9AE42386226820A100B7EA5A /* Sources */,
				9AE42387226820A100B7EA5A /* Frameworks */,
				9AE42388226820A100B7EA5A /* Resources */,
			);
			buildRules = (
			);
			dependencies = (
				9AE4238C226820A100B7EA5A /* PBXTargetDependency */,
			);
			name = "Silly SongUITests";
			productName = "Silly SongUITests";
			productReference = 9AE4238A226820A100B7EA5A /* Silly SongUITests.xctest */;
			productType = "com.apple.product-type.bundle.ui-testing";
		};
/* End PBXNativeTarget section */

/* Begin PBXProject section */
		9AE423632268209E00B7EA5A /* Project object */ = {
			isa = PBXProject;
			attributes = {
				LastSwiftUpdateCheck = 1020;
				LastUpgradeCheck = 1020;
				ORGANIZATIONNAME = "Hoshiar Sher";
				TargetAttributes = {
					9AE4236A2268209E00B7EA5A = {
						CreatedOnToolsVersion = 10.2;
					};
					9AE4237E226820A100B7EA5A = {
						CreatedOnToolsVersion = 10.2;
						TestTargetID = 9AE4236A2268209E00B7EA5A;
					};
					9AE42389226820A100B7EA5A = {
						CreatedOnToolsVersion = 10.2;
						TestTargetID = 9AE4236A2268209E00B7EA5A;
					};
				};
			};
			buildConfigurationList = 9AE423662268209E00B7EA5A /* Build configuration list for PBXProject "Silly Song" */;
			compatibilityVersion = "Xcode 9.3";
			developmentRegion = en;
			hasScannedForEncodings = 0;
			knownRegions = (
				en,
				Base,
			);
			mainGroup = 9AE423622268209E00B7EA5A;
			productRefGroup = 9AE4236C2268209E00B7EA5A /* Products */;
			projectDirPath = "";
			projectRoot = "";
			targets = (
				9AE4236A2268209E00B7EA5A /* Silly Song */,
				9AE4237E226820A100B7EA5A /* Silly SongTests */,
				9AE42389226820A100B7EA5A /* Silly SongUITests */,
			);
		};
/* End PBXProject section */

/* Begin PBXResourcesBuildPhase section */
		9AE423692268209E00B7EA5A /* Resources */ = {
			isa = PBXResourcesBuildPhase;
			buildActionMask = 2147483647;
			files = (
				9AE42379226820A000B7EA5A /* LaunchScreen.storyboard in Resources */,
				9AE42376226820A000B7EA5A /* Assets.xcassets in Resources */,
				9AE423742268209E00B7EA5A /* Main.storyboard in Resources */,
			);
			runOnlyForDeploymentPostprocessing = 0;
		};
		9AE4237D226820A100B7EA5A /* Resources */ = {
			isa = PBXResourcesBuildPhase;
			buildActionMask = 2147483647;
			files = (
			);
			runOnlyForDeploymentPostprocessing = 0;
		};
		9AE42388226820A100B7EA5A /* Resources */ = {
			isa = PBXResourcesBuildPhase;
			buildActionMask = 2147483647;
			files = (
			);
			runOnlyForDeploymentPostprocessing = 0;
		};
/* End PBXResourcesBuildPhase section */

/* Begin PBXSourcesBuildPhase section */
		9AE423672268209E00B7EA5A /* Sources */ = {
			isa = PBXSourcesBuildPhase;
			buildActionMask = 2147483647;
			files = (
				9AE423712268209E00B7EA5A /* ViewController.swift in Sources */,
				9AE4236F2268209E00B7EA5A /* AppDelegate.swift in Sources */,
			);
			runOnlyForDeploymentPostprocessing = 0;
		};
		9AE4237B226820A100B7EA5A /* Sources */ = {
			isa = PBXSourcesBuildPhase;
			buildActionMask = 2147483647;
			files = (
				9AE42384226820A100B7EA5A /* Silly_SongTests.swift in Sources */,
			);
			runOnlyForDeploymentPostprocessing = 0;
		};
		9AE42386226820A100B7EA5A /* Sources */ = {
			isa = PBXSourcesBuildPhase;
			buildActionMask = 2147483647;
			files = (
				9AE4238F226820A100B7EA5A /* Silly_SongUITests.swift in Sources */,
			);
			runOnlyForDeploymentPostprocessing = 0;
		};
/* End PBXSourcesBuildPhase section */

/* Begin PBXTargetDependency section */
		9AE42381226820A100B7EA5A /* PBXTargetDependency */ = {
			isa = PBXTargetDependency;
			target = 9AE4236A2268209E00B7EA5A /* Silly Song */;
			targetProxy = 9AE42380226820A100B7EA5A /* PBXContainerItemProxy */;
		};
		9AE4238C226820A100B7EA5A /* PBXTargetDependency */ = {
			isa = PBXTargetDependency;
			target = 9AE4236A2268209E00B7EA5A /* Silly Song */;
			targetProxy = 9AE4238B226820A100B7EA5A /* PBXContainerItemProxy */;
		};
/* End PBXTargetDependency section */

/* Begin PBXVariantGroup section */
		9AE423722268209E00B7EA5A /* Main.storyboard */ = {
			isa = PBXVariantGroup;
			children = (
				9AE423732268209E00B7EA5A /* Base */,
			);
			name = Main.storyboard;
			sourceTree = "<group>";
		};
		9AE42377226820A000B7EA5A /* LaunchScreen.storyboard */ = {
			isa = PBXVariantGroup;
			children = (
				9AE42378226820A000B7EA5A /* Base */,
			);
			name = LaunchScreen.storyboard;
			sourceTree = "<group>";
		};
/* End PBXVariantGroup section */

/* Begin XCBuildConfiguration section */
		9AE42391226820A100B7EA5A /* Debug */ = {
			isa = XCBuildConfiguration;
			buildSettings = {
				ALWAYS_SEARCH_USER_PATHS = NO;
				CLANG_ANALYZER_NONNULL = YES;
				CLANG_ANALYZER_NUMBER_OBJECT_CONVERSION = YES_AGGRESSIVE;
				CLANG_CXX_LANGUAGE_STANDARD = "gnu++14";
				CLANG_CXX_LIBRARY = "libc++";
				CLANG_ENABLE_MODULES = YES;
				CLANG_ENABLE_OBJC_ARC = YES;
				CLANG_ENABLE_OBJC_WEAK = YES;
				CLANG_WARN_BLOCK_CAPTURE_AUTORELEASING = YES;
				CLANG_WARN_BOOL_CONVERSION = YES;
				CLANG_WARN_COMMA = YES;
				CLANG_WARN_CONSTANT_CONVERSION = YES;
				CLANG_WARN_DEPRECATED_OBJC_IMPLEMENTATIONS = YES;
				CLANG_WARN_DIRECT_OBJC_ISA_USAGE = YES_ERROR;
				CLANG_WARN_DOCUMENTATION_COMMENTS = YES;
				CLANG_WARN_EMPTY_BODY = YES;
				CLANG_WARN_ENUM_CONVERSION = YES;
				CLANG_WARN_INFINITE_RECURSION = YES;
				CLANG_WARN_INT_CONVERSION = YES;
				CLANG_WARN_NON_LITERAL_NULL_CONVERSION = YES;
				CLANG_WARN_OBJC_IMPLICIT_RETAIN_SELF = YES;
				CLANG_WARN_OBJC_LITERAL_CONVERSION = YES;
				CLANG_WARN_OBJC_ROOT_CLASS = YES_ERROR;
				CLANG_WARN_RANGE_LOOP_ANALYSIS = YES;
				CLANG_WARN_STRICT_PROTOTYPES = YES;
				CLANG_WARN_SUSPICIOUS_MOVE = YES;
				CLANG_WARN_UNGUARDED_AVAILABILITY = YES_AGGRESSIVE;
				CLANG_WARN_UNREACHABLE_CODE = YES;
				CLANG_WARN__DUPLICATE_METHOD_MATCH = YES;
				CODE_SIGN_IDENTITY = "iPhone Developer";
				COPY_PHASE_STRIP = NO;
				DEBUG_INFORMATION_FORMAT = dwarf;
				ENABLE_STRICT_OBJC_MSGSEND = YES;
				ENABLE_TESTABILITY = YES;
				GCC_C_LANGUAGE_STANDARD = gnu11;
				GCC_DYNAMIC_NO_PIC = NO;
				GCC_NO_COMMON_BLOCKS = YES;
				GCC_OPTIMIZATION_LEVEL = 0;
				GCC_PREPROCESSOR_DEFINITIONS = (
					"DEBUG=1",
					"$(inherited)",
				);
				GCC_WARN_64_TO_32_BIT_CONVERSION = YES;
				GCC_WARN_ABOUT_RETURN_TYPE = YES_ERROR;
				GCC_WARN_UNDECLARED_SELECTOR = YES;
				GCC_WARN_UNINITIALIZED_AUTOS = YES_AGGRESSIVE;
				GCC_WARN_UNUSED_FUNCTION = YES;
				GCC_WARN_UNUSED_VARIABLE = YES;
				IPHONEOS_DEPLOYMENT_TARGET = 12.2;
				MTL_ENABLE_DEBUG_INFO = INCLUDE_SOURCE;
				MTL_FAST_MATH = YES;
				ONLY_ACTIVE_ARCH = YES;
				SDKROOT = iphoneos;
				SWIFT_ACTIVE_COMPILATION_CONDITIONS = DEBUG;
				SWIFT_OPTIMIZATION_LEVEL = "-Onone";
			};
			name = Debug;
		};
		9AE42392226820A100B7EA5A /* Release */ = {
			isa = XCBuildConfiguration;
			buildSettings = {
				ALWAYS_SEARCH_USER_PATHS = NO;
				CLANG_ANALYZER_NONNULL = YES;
				CLANG_ANALYZER_NUMBER_OBJECT_CONVERSION = YES_AGGRESSIVE;
				CLANG_CXX_LANGUAGE_STANDARD = "gnu++14";
				CLANG_CXX_LIBRARY = "libc++";
				CLANG_ENABLE_MODULES = YES;
				CLANG_ENABLE_OBJC_ARC = YES;
				CLANG_ENABLE_OBJC_WEAK = YES;
				CLANG_WARN_BLOCK_CAPTURE_AUTORELEASING = YES;
				CLANG_WARN_BOOL_CONVERSION = YES;
				CLANG_WARN_COMMA = YES;
				CLANG_WARN_CONSTANT_CONVERSION = YES;
				CLANG_WARN_DEPRECATED_OBJC_IMPLEMENTATIONS = YES;
				CLANG_WARN_DIRECT_OBJC_ISA_USAGE = YES_ERROR;
				CLANG_WARN_DOCUMENTATION_COMMENTS = YES;
				CLANG_WARN_EMPTY_BODY = YES;
				CLANG_WARN_ENUM_CONVERSION = YES;
				CLANG_WARN_INFINITE_RECURSION = YES;
				CLANG_WARN_INT_CONVERSION = YES;
				CLANG_WARN_NON_LITERAL_NULL_CONVERSION = YES;
				CLANG_WARN_OBJC_IMPLICIT_RETAIN_SELF = YES;
				CLANG_WARN_OBJC_LITERAL_CONVERSION = YES;
				CLANG_WARN_OBJC_ROOT_CLASS = YES_ERROR;
				CLANG_WARN_RANGE_LOOP_ANALYSIS = YES;
				CLANG_WARN_STRICT_PROTOTYPES = YES;
				CLANG_WARN_SUSPICIOUS_MOVE = YES;
				CLANG_WARN_UNGUARDED_AVAILABILITY = YES_AGGRESSIVE;
				CLANG_WARN_UNREACHABLE_CODE = YES;
				CLANG_WARN__DUPLICATE_METHOD_MATCH = YES;
				CODE_SIGN_IDENTITY = "iPhone Developer";
				COPY_PHASE_STRIP = NO;
				DEBUG_INFORMATION_FORMAT = "dwarf-with-dsym";
				ENABLE_NS_ASSERTIONS = NO;
				ENABLE_STRICT_OBJC_MSGSEND = YES;
				GCC_C_LANGUAGE_STANDARD = gnu11;
				GCC_NO_COMMON_BLOCKS = YES;
				GCC_WARN_64_TO_32_BIT_CONVERSION = YES;
				GCC_WARN_ABOUT_RETURN_TYPE = YES_ERROR;
				GCC_WARN_UNDECLARED_SELECTOR = YES;
				GCC_WARN_UNINITIALIZED_AUTOS = YES_AGGRESSIVE;
				GCC_WARN_UNUSED_FUNCTION = YES;
				GCC_WARN_UNUSED_VARIABLE = YES;
				IPHONEOS_DEPLOYMENT_TARGET = 12.2;
				MTL_ENABLE_DEBUG_INFO = NO;
				MTL_FAST_MATH = YES;
				SDKROOT = iphoneos;
				SWIFT_COMPILATION_MODE = wholemodule;
				SWIFT_OPTIMIZATION_LEVEL = "-O";
				VALIDATE_PRODUCT = YES;
			};
			name = Release;
		};
		9AE42394226820A100B7EA5A /* Debug */ = {
			isa = XCBuildConfiguration;
			buildSettings = {
				ASSETCATALOG_COMPILER_APPICON_NAME = AppIcon;
				CODE_SIGN_STYLE = Automatic;
				DEVELOPMENT_TEAM = P2ZL62285Z;
				INFOPLIST_FILE = "Silly Song/Info.plist";
				LD_RUNPATH_SEARCH_PATHS = (
					"$(inherited)",
					"@executable_path/Frameworks",
				);
				PRODUCT_BUNDLE_IDENTIFIER = "com.at.yar.Silly-Song";
				PRODUCT_NAME = "$(TARGET_NAME)";
				SWIFT_VERSION = 5.0;
				TARGETED_DEVICE_FAMILY = "1,2";
			};
			name = Debug;
		};
		9AE42395226820A100B7EA5A /* Release */ = {
			isa = XCBuildConfiguration;
			buildSettings = {
				ASSETCATALOG_COMPILER_APPICON_NAME = AppIcon;
				CODE_SIGN_STYLE = Automatic;
				DEVELOPMENT_TEAM = P2ZL62285Z;
				INFOPLIST_FILE = "Silly Song/Info.plist";
				LD_RUNPATH_SEARCH_PATHS = (
					"$(inherited)",
					"@executable_path/Frameworks",
				);
				PRODUCT_BUNDLE_IDENTIFIER = "com.at.yar.Silly-Song";
				PRODUCT_NAME = "$(TARGET_NAME)";
				SWIFT_VERSION = 5.0;
				TARGETED_DEVICE_FAMILY = "1,2";
			};
			name = Release;
		};
		9AE42397226820A100B7EA5A /* Debug */ = {
			isa = XCBuildConfiguration;
			buildSettings = {
				ALWAYS_EMBED_SWIFT_STANDARD_LIBRARIES = YES;
				BUNDLE_LOADER = "$(TEST_HOST)";
				CODE_SIGN_STYLE = Automatic;
				DEVELOPMENT_TEAM = P2ZL62285Z;
				INFOPLIST_FILE = "Silly SongTests/Info.plist";
				LD_RUNPATH_SEARCH_PATHS = (
					"$(inherited)",
					"@executable_path/Frameworks",
					"@loader_path/Frameworks",
				);
				PRODUCT_BUNDLE_IDENTIFIER = "com.at.yar.Silly-SongTests";
				PRODUCT_NAME = "$(TARGET_NAME)";
				SWIFT_VERSION = 5.0;
				TARGETED_DEVICE_FAMILY = "1,2";
				TEST_HOST = "$(BUILT_PRODUCTS_DIR)/Silly Song.app/Silly Song";
			};
			name = Debug;
		};
		9AE42398226820A100B7EA5A /* Release */ = {
			isa = XCBuildConfiguration;
			buildSettings = {
				ALWAYS_EMBED_SWIFT_STANDARD_LIBRARIES = YES;
				BUNDLE_LOADER = "$(TEST_HOST)";
				CODE_SIGN_STYLE = Automatic;
				DEVELOPMENT_TEAM = P2ZL62285Z;
				INFOPLIST_FILE = "Silly SongTests/Info.plist";
				LD_RUNPATH_SEARCH_PATHS = (
					"$(inherited)",
					"@executable_path/Frameworks",
					"@loader_path/Frameworks",
				);
				PRODUCT_BUNDLE_IDENTIFIER = "com.at.yar.Silly-SongTests";
				PRODUCT_NAME = "$(TARGET_NAME)";
				SWIFT_VERSION = 5.0;
				TARGETED_DEVICE_FAMILY = "1,2";
				TEST_HOST = "$(BUILT_PRODUCTS_DIR)/Silly Song.app/Silly Song";
			};
			name = Release;
		};
		9AE4239A226820A100B7EA5A /* Debug */ = {
			isa = XCBuildConfiguration;
			buildSettings = {
				ALWAYS_EMBED_SWIFT_STANDARD_LIBRARIES = YES;
				CODE_SIGN_STYLE = Automatic;
				DEVELOPMENT_TEAM = P2ZL62285Z;
				INFOPLIST_FILE = "Silly SongUITests/Info.plist";
				LD_RUNPATH_SEARCH_PATHS = (
					"$(inherited)",
					"@executable_path/Frameworks",
					"@loader_path/Frameworks",
				);
				PRODUCT_BUNDLE_IDENTIFIER = "com.at.yar.Silly-SongUITests";
				PRODUCT_NAME = "$(TARGET_NAME)";
				SWIFT_VERSION = 5.0;
				TARGETED_DEVICE_FAMILY = "1,2";
				TEST_TARGET_NAME = "Silly Song";
			};
			name = Debug;
		};
		9AE4239B226820A100B7EA5A /* Release */ = {
			isa = XCBuildConfiguration;
			buildSettings = {
				ALWAYS_EMBED_SWIFT_STANDARD_LIBRARIES = YES;
				CODE_SIGN_STYLE = Automatic;
				DEVELOPMENT_TEAM = P2ZL62285Z;
				INFOPLIST_FILE = "Silly SongUITests/Info.plist";
				LD_RUNPATH_SEARCH_PATHS = (
					"$(inherited)",
					"@executable_path/Frameworks",
					"@loader_path/Frameworks",
				);
				PRODUCT_BUNDLE_IDENTIFIER = "com.at.yar.Silly-SongUITests";
				PRODUCT_NAME = "$(TARGET_NAME)";
				SWIFT_VERSION = 5.0;
				TARGETED_DEVICE_FAMILY = "1,2";
				TEST_TARGET_NAME = "Silly Song";
			};
			name = Release;
		};
/* End XCBuildConfiguration section */

/* Begin XCConfigurationList section */
		9AE423662268209E00B7EA5A /* Build configuration list for PBXProject "Silly Song" */ = {
			isa = XCConfigurationList;
			buildConfigurations = (
				9AE42391226820A100B7EA5A /* Debug */,
				9AE42392226820A100B7EA5A /* Release */,
			);
			defaultConfigurationIsVisible = 0;
			defaultConfigurationName = Release;
		};
		9AE42393226820A100B7EA5A /* Build configuration list for PBXNativeTarget "Silly Song" */ = {
			isa = XCConfigurationList;
			buildConfigurations = (
				9AE42394226820A100B7EA5A /* Debug */,
				9AE42395226820A100B7EA5A /* Release */,
			);
			defaultConfigurationIsVisible = 0;
			defaultConfigurationName = Release;
		};
		9AE42396226820A100B7EA5A /* Build configuration list for PBXNativeTarget "Silly SongTests" */ = {
			isa = XCConfigurationList;
			buildConfigurations = (
				9AE42397226820A100B7EA5A /* Debug */,
				9AE42398226820A100B7EA5A /* Release */,
			);
			defaultConfigurationIsVisible = 0;
			defaultConfigurationName = Release;
		};
		9AE42399226820A100B7EA5A /* Build configuration list for PBXNativeTarget "Silly SongUITests" */ = {
			isa = XCConfigurationList;
			buildConfigurations = (
				9AE4239A226820A100B7EA5A /* Debug */,
				9AE4239B226820A100B7EA5A /* Release */,
			);
			defaultConfigurationIsVisible = 0;
			defaultConfigurationName = Release;
		};
/* End XCConfigurationList section */
	};
	rootObject = 9AE423632268209E00B7EA5A /* Project object */;
}
